
Microsoft Visual Studio Solution File, Format Version 12.00
# Visual Studio Version 17
VisualStudioVersion = 17.13.35806.99 d17.13
MinimumVisualStudioVersion = 10.0.40219.1
Project("{FAE04EC0-301F-11D3-BF4B-00C04F79EFBC}") = "Practice(1221cs)", "Practice(1221cs).csproj", "{FEBAD0E2-3749-448D-9C41-42E2775F4232}"
EndProject
Global
	GlobalSection(SolutionConfigurationPlatforms) = preSolution
		Debug|Any CPU = Debug|Any CPU
		Release|Any CPU = Release|Any CPU
	EndGlobalSection
	GlobalSection(ProjectConfigurationPlatforms) = postSolution
		{FEBAD0E2-3749-448D-9C41-42E2775F4232}.Debug|Any CPU.ActiveCfg = Debug|Any CPU
		{FEBAD0E2-3749-448D-9C41-42E2775F4232}.Debug|Any CPU.Build.0 = Debug|Any CPU
		{FEBAD0E2-3749-448D-9C41-42E2775F4232}.Release|Any CPU.ActiveCfg = Release|Any CPU
		{FEBAD0E2-3749-448D-9C41-42E2775F4232}.Release|Any CPU.Build.0 = Release|Any CPU
	EndGlobalSection
	GlobalSection(SolutionProperties) = preSolution
		HideSolutionNode = FALSE
	EndGlobalSection
	GlobalSection(ExtensibilityGlobals) = postSolution
		SolutionGuid = {F40A5254-6585-4636-8618-C38539AD699B}
	EndGlobalSection
EndGlobal
